// !$*UTF8*$!
{
	archiveVersion = 1;
	classes = {
	};
	objectVersion = 56;
	objects = {

/* Begin PBXBuildFile section */
		705351FB28F0C52C00AE149C /* KarincaD_XkcdComics_AppApp.swift in Sources */ = {isa = PBXBuildFile; fileRef = 705351FA28F0C52C00AE149C /* KarincaD_XkcdComics_AppApp.swift */; };
		705351FD28F0C52C00AE149C /* MainView.swift in Sources */ = {isa = PBXBuildFile; fileRef = 705351FC28F0C52C00AE149C /* MainView.swift */; };
		705351FF28F0C52D00AE149C /* Assets.xcassets in Resources */ = {isa = PBXBuildFile; fileRef = 705351FE28F0C52D00AE149C /* Assets.xcassets */; };
		7053520228F0C52D00AE149C /* Preview Assets.xcassets in Resources */ = {isa = PBXBuildFile; fileRef = 7053520128F0C52D00AE149C /* Preview Assets.xcassets */; };
		7053520E28F0C64F00AE149C /* HomeView.swift in Sources */ = {isa = PBXBuildFile; fileRef = 7053520D28F0C64F00AE149C /* HomeView.swift */; };
		7053521028F0C67000AE149C /* CardView.swift in Sources */ = {isa = PBXBuildFile; fileRef = 7053520F28F0C67000AE149C /* CardView.swift */; };
		7053521228F0C69700AE149C /* NetworkApi.swift in Sources */ = {isa = PBXBuildFile; fileRef = 7053521128F0C69700AE149C /* NetworkApi.swift */; };
		7053521428F0C6B100AE149C /* Comic.swift in Sources */ = {isa = PBXBuildFile; fileRef = 7053521328F0C6B100AE149C /* Comic.swift */; };
		7053521628F0C6D900AE149C /* ComicView.swift in Sources */ = {isa = PBXBuildFile; fileRef = 7053521528F0C6D900AE149C /* ComicView.swift */; };
		7053521828F0C6FF00AE149C /* FullScreenView.swift in Sources */ = {isa = PBXBuildFile; fileRef = 7053521728F0C6FF00AE149C /* FullScreenView.swift */; };
		7053521A28F0C71200AE149C /* SearchBar.swift in Sources */ = {isa = PBXBuildFile; fileRef = 7053521928F0C71200AE149C /* SearchBar.swift */; };
		7053521F28F0C76200AE149C /* FontAsset.swift in Sources */ = {isa = PBXBuildFile; fileRef = 7053521E28F0C76200AE149C /* FontAsset.swift */; };
		7053522328F0D22B00AE149C /* xkcd.otf in Resources */ = {isa = PBXBuildFile; fileRef = 7053522228F0D0DB00AE149C /* xkcd.otf */; };
/* End PBXBuildFile section */

/* Begin PBXFileReference section */
		705351F728F0C52C00AE149C /* KarincaD-XkcdComics-App.app */ = {isa = PBXFileReference; explicitFileType = wrapper.application; includeInIndex = 0; path = "KarincaD-XkcdComics-App.app"; sourceTree = BUILT_PRODUCTS_DIR; };
		705351FA28F0C52C00AE149C /* KarincaD_XkcdComics_AppApp.swift */ = {isa = PBXFileReference; lastKnownFileType = sourcecode.swift; path = KarincaD_XkcdComics_AppApp.swift; sourceTree = "<group>"; };
		705351FC28F0C52C00AE149C /* MainView.swift */ = {isa = PBXFileReference; lastKnownFileType = sourcecode.swift; path = MainView.swift; sourceTree = "<group>"; };
		705351FE28F0C52D00AE149C /* Assets.xcassets */ = {isa = PBXFileReference; lastKnownFileType = folder.assetcatalog; path = Assets.xcassets; sourceTree = "<group>"; };
		7053520128F0C52D00AE149C /* Preview Assets.xcassets */ = {isa = PBXFileReference; lastKnownFileType = folder.assetcatalog; path = "Preview Assets.xcassets"; sourceTree = "<group>"; };
		7053520D28F0C64F00AE149C /* HomeView.swift */ = {isa = PBXFileReference; lastKnownFileType = sourcecode.swift; path = HomeView.swift; sourceTree = "<group>"; };
		7053520F28F0C67000AE149C /* CardView.swift */ = {isa = PBXFileReference; lastKnownFileType = sourcecode.swift; path = CardView.swift; sourceTree = "<group>"; };
		7053521128F0C69700AE149C /* NetworkApi.swift */ = {isa = PBXFileReference; lastKnownFileType = sourcecode.swift; path = NetworkApi.swift; sourceTree = "<group>"; };
		7053521328F0C6B100AE149C /* Comic.swift */ = {isa = PBXFileReference; lastKnownFileType = sourcecode.swift; path = Comic.swift; sourceTree = "<group>"; };
		7053521528F0C6D900AE149C /* ComicView.swift */ = {isa = PBXFileReference; lastKnownFileType = sourcecode.swift; path = ComicView.swift; sourceTree = "<group>"; };
		7053521728F0C6FF00AE149C /* FullScreenView.swift */ = {isa = PBXFileReference; lastKnownFileType = sourcecode.swift; path = FullScreenView.swift; sourceTree = "<group>"; };
		7053521928F0C71200AE149C /* SearchBar.swift */ = {isa = PBXFileReference; lastKnownFileType = sourcecode.swift; path = SearchBar.swift; sourceTree = "<group>"; };
		7053521E28F0C76200AE149C /* FontAsset.swift */ = {isa = PBXFileReference; lastKnownFileType = sourcecode.swift; path = FontAsset.swift; sourceTree = "<group>"; };
		7053522028F0CA4300AE149C /* Info.plist */ = {isa = PBXFileReference; lastKnownFileType = text.plist; path = Info.plist; sourceTree = "<group>"; };
		7053522228F0D0DB00AE149C /* xkcd.otf */ = {isa = PBXFileReference; lastKnownFileType = file; path = xkcd.otf; sourceTree = "<group>"; };
/* End PBXFileReference section */

/* Begin PBXFrameworksBuildPhase section */
		705351F428F0C52C00AE149C /* Frameworks */ = {
			isa = PBXFrameworksBuildPhase;
			buildActionMask = 2147483647;
			files = (
			);
			runOnlyForDeploymentPostprocessing = 0;
		};
/* End PBXFrameworksBuildPhase section */

/* Begin PBXGroup section */
		705351EE28F0C52C00AE149C = {
			isa = PBXGroup;
			children = (
				705351F928F0C52C00AE149C /* KarincaD-XkcdComics-App */,
				705351F828F0C52C00AE149C /* Products */,
			);
			sourceTree = "<group>";
		};
		705351F828F0C52C00AE149C /* Products */ = {
			isa = PBXGroup;
			children = (
				705351F728F0C52C00AE149C /* KarincaD-XkcdComics-App.app */,
			);
			name = Products;
			sourceTree = "<group>";
		};
		705351F928F0C52C00AE149C /* KarincaD-XkcdComics-App */ = {
			isa = PBXGroup;
			children = (
				7053522028F0CA4300AE149C /* Info.plist */,
				7053520B28F0C58700AE149C /* Views */,
				7053520A28F0C58100AE149C /* Models */,
				7053520928F0C57B00AE149C /* Managers */,
				7053520828F0C57400AE149C /* Core */,
				705351FA28F0C52C00AE149C /* KarincaD_XkcdComics_AppApp.swift */,
				705351FE28F0C52D00AE149C /* Assets.xcassets */,
				7053520C28F0C59000AE149C /* Assets */,
				7053520028F0C52D00AE149C /* Preview Content */,
			);
			path = "KarincaD-XkcdComics-App";
			sourceTree = "<group>";
		};
		7053520028F0C52D00AE149C /* Preview Content */ = {
			isa = PBXGroup;
			children = (
				7053520128F0C52D00AE149C /* Preview Assets.xcassets */,
			);
			path = "Preview Content";
			sourceTree = "<group>";
		};
		7053520828F0C57400AE149C /* Core */ = {
			isa = PBXGroup;
			children = (
				705351FC28F0C52C00AE149C /* MainView.swift */,
				7053520D28F0C64F00AE149C /* HomeView.swift */,
				7053520F28F0C67000AE149C /* CardView.swift */,
			);
			path = Core;
			sourceTree = "<group>";
		};
		7053520928F0C57B00AE149C /* Managers */ = {
			isa = PBXGroup;
			children = (
				7053521128F0C69700AE149C /* NetworkApi.swift */,
			);
			path = Managers;
			sourceTree = "<group>";
		};
		7053520A28F0C58100AE149C /* Models */ = {
			isa = PBXGroup;
			children = (
				7053521328F0C6B100AE149C /* Comic.swift */,
			);
			path = Models;
			sourceTree = "<group>";
		};
		7053520B28F0C58700AE149C /* Views */ = {
			isa = PBXGroup;
			children = (
				7053521528F0C6D900AE149C /* ComicView.swift */,
				7053521728F0C6FF00AE149C /* FullScreenView.swift */,
				7053521928F0C71200AE149C /* SearchBar.swift */,
			);
			path = Views;
			sourceTree = "<group>";
		};
		7053520C28F0C59000AE149C /* Assets */ = {
			isa = PBXGroup;
			children = (
				7053521B28F0C72D00AE149C /* Font */,
			);
			path = Assets;
			sourceTree = "<group>";
		};
		7053521B28F0C72D00AE149C /* Font */ = {
			isa = PBXGroup;
			children = (
				7053522228F0D0DB00AE149C /* xkcd.otf */,
				7053521E28F0C76200AE149C /* FontAsset.swift */,
			);
			path = Font;
			sourceTree = "<group>";
		};
/* End PBXGroup section */

/* Begin PBXNativeTarget section */
		705351F628F0C52C00AE149C /* KarincaD-XkcdComics-App */ = {
			isa = PBXNativeTarget;
			buildConfigurationList = 7053520528F0C52D00AE149C /* Build configuration list for PBXNativeTarget "KarincaD-XkcdComics-App" */;
			buildPhases = (
				705351F328F0C52C00AE149C /* Sources */,
				705351F428F0C52C00AE149C /* Frameworks */,
				705351F528F0C52C00AE149C /* Resources */,
			);
			buildRules = (
			);
			dependencies = (
			);
			name = "KarincaD-XkcdComics-App";
			productName = "KarincaD-XkcdComics-App";
			productReference = 705351F728F0C52C00AE149C /* KarincaD-XkcdComics-App.app */;
			productType = "com.apple.product-type.application";
		};
/* End PBXNativeTarget section */

/* Begin PBXProject section */
		705351EF28F0C52C00AE149C /* Project object */ = {
			isa = PBXProject;
			attributes = {
				BuildIndependentTargetsInParallel = 1;
				LastSwiftUpdateCheck = 1400;
				LastUpgradeCheck = 1400;
				TargetAttributes = {
					705351F628F0C52C00AE149C = {
						CreatedOnToolsVersion = 14.0.1;
					};
				};
			};
			buildConfigurationList = 705351F228F0C52C00AE149C /* Build configuration list for PBXProject "KarincaD-XkcdComics-App" */;
			compatibilityVersion = "Xcode 14.0";
			developmentRegion = en;
			hasScannedForEncodings = 0;
			knownRegions = (
				en,
				Base,
			);
			mainGroup = 705351EE28F0C52C00AE149C;
			productRefGroup = 705351F828F0C52C00AE149C /* Products */;
			projectDirPath = "";
			projectRoot = "";
			targets = (
				705351F628F0C52C00AE149C /* KarincaD-XkcdComics-App */,
			);
		};
/* End PBXProject section */

/* Begin PBXResourcesBuildPhase section */
		705351F528F0C52C00AE149C /* Resources */ = {
			isa = PBXResourcesBuildPhase;
			buildActionMask = 2147483647;
			files = (
				7053520228F0C52D00AE149C /* Preview Assets.xcassets in Resources */,
				7053522328F0D22B00AE149C /* xkcd.otf in Resources */,
				705351FF28F0C52D00AE149C /* Assets.xcassets in Resources */,
			);
			runOnlyForDeploymentPostprocessing = 0;
		};
/* End PBXResourcesBuildPhase section */

/* Begin PBXSourcesBuildPhase section */
		705351F328F0C52C00AE149C /* Sources */ = {
			isa = PBXSourcesBuildPhase;
			buildActionMask = 2147483647;
			files = (
				7053521228F0C69700AE149C /* NetworkApi.swift in Sources */,
				7053521428F0C6B100AE149C /* Comic.swift in Sources */,
				7053520E28F0C64F00AE149C /* HomeView.swift in Sources */,
				705351FD28F0C52C00AE149C /* MainView.swift in Sources */,
				7053521028F0C67000AE149C /* CardView.swift in Sources */,
				7053521F28F0C76200AE149C /* FontAsset.swift in Sources */,
				7053521A28F0C71200AE149C /* SearchBar.swift in Sources */,
				7053521828F0C6FF00AE149C /* FullScreenView.swift in Sources */,
				705351FB28F0C52C00AE149C /* KarincaD_XkcdComics_AppApp.swift in Sources */,
				7053521628F0C6D900AE149C /* ComicView.swift in Sources */,
			);
			runOnlyForDeploymentPostprocessing = 0;
		};
/* End PBXSourcesBuildPhase section */

/* Begin XCBuildConfiguration section */
		7053520328F0C52D00AE149C /* Debug */ = {
			isa = XCBuildConfiguration;
			buildSettings = {
				ALWAYS_SEARCH_USER_PATHS = NO;
				CLANG_ANALYZER_NONNULL = YES;
				CLANG_ANALYZER_NUMBER_OBJECT_CONVERSION = YES_AGGRESSIVE;
				CLANG_CXX_LANGUAGE_STANDARD = "gnu++20";
				CLANG_ENABLE_MODULES = YES;
				CLANG_ENABLE_OBJC_ARC = YES;
				CLANG_ENABLE_OBJC_WEAK = YES;
				CLANG_WARN_BLOCK_CAPTURE_AUTORELEASING = YES;
				CLANG_WARN_BOOL_CONVERSION = YES;
				CLANG_WARN_COMMA = YES;
				CLANG_WARN_CONSTANT_CONVERSION = YES;
				CLANG_WARN_DEPRECATED_OBJC_IMPLEMENTATIONS = YES;
				CLANG_WARN_DIRECT_OBJC_ISA_USAGE = YES_ERROR;
				CLANG_WARN_DOCUMENTATION_COMMENTS = YES;
				CLANG_WARN_EMPTY_BODY = YES;
				CLANG_WARN_ENUM_CONVERSION = YES;
				CLANG_WARN_INFINITE_RECURSION = YES;
				CLANG_WARN_INT_CONVERSION = YES;
				CLANG_WARN_NON_LITERAL_NULL_CONVERSION = YES;
				CLANG_WARN_OBJC_IMPLICIT_RETAIN_SELF = YES;
				CLANG_WARN_OBJC_LITERAL_CONVERSION = YES;
				CLANG_WARN_OBJC_ROOT_CLASS = YES_ERROR;
				CLANG_WARN_QUOTED_INCLUDE_IN_FRAMEWORK_HEADER = YES;
				CLANG_WARN_RANGE_LOOP_ANALYSIS = YES;
				CLANG_WARN_STRICT_PROTOTYPES = YES;
				CLANG_WARN_SUSPICIOUS_MOVE = YES;
				CLANG_WARN_UNGUARDED_AVAILABILITY = YES_AGGRESSIVE;
				CLANG_WARN_UNREACHABLE_CODE = YES;
				CLANG_WARN__DUPLICATE_METHOD_MATCH = YES;
				COPY_PHASE_STRIP = NO;
				DEBUG_INFORMATION_FORMAT = dwarf;
				ENABLE_STRICT_OBJC_MSGSEND = YES;
				ENABLE_TESTABILITY = YES;
				GCC_C_LANGUAGE_STANDARD = gnu11;
				GCC_DYNAMIC_NO_PIC = NO;
				GCC_NO_COMMON_BLOCKS = YES;
				GCC_OPTIMIZATION_LEVEL = 0;
				GCC_PREPROCESSOR_DEFINITIONS = (
					"DEBUG=1",
					"$(inherited)",
				);
				GCC_WARN_64_TO_32_BIT_CONVERSION = YES;
				GCC_WARN_ABOUT_RETURN_TYPE = YES_ERROR;
				GCC_WARN_UNDECLARED_SELECTOR = YES;
				GCC_WARN_UNINITIALIZED_AUTOS = YES_AGGRESSIVE;
				GCC_WARN_UNUSED_FUNCTION = YES;
				GCC_WARN_UNUSED_VARIABLE = YES;
				IPHONEOS_DEPLOYMENT_TARGET = 16.0;
				MTL_ENABLE_DEBUG_INFO = INCLUDE_SOURCE;
				MTL_FAST_MATH = YES;
				ONLY_ACTIVE_ARCH = YES;
				SDKROOT = iphoneos;
				SWIFT_ACTIVE_COMPILATION_CONDITIONS = DEBUG;
				SWIFT_OPTIMIZATION_LEVEL = "-Onone";
			};
			name = Debug;
		};
		7053520428F0C52D00AE149C /* Release */ = {
			isa = XCBuildConfiguration;
			buildSettings = {
				ALWAYS_SEARCH_USER_PATHS = NO;
				CLANG_ANALYZER_NONNULL = YES;
				CLANG_ANALYZER_NUMBER_OBJECT_CONVERSION = YES_AGGRESSIVE;
				CLANG_CXX_LANGUAGE_STANDARD = "gnu++20";
				CLANG_ENABLE_MODULES = YES;
				CLANG_ENABLE_OBJC_ARC = YES;
				CLANG_ENABLE_OBJC_WEAK = YES;
				CLANG_WARN_BLOCK_CAPTURE_AUTORELEASING = YES;
				CLANG_WARN_BOOL_CONVERSION = YES;
				CLANG_WARN_COMMA = YES;
				CLANG_WARN_CONSTANT_CONVERSION = YES;
				CLANG_WARN_DEPRECATED_OBJC_IMPLEMENTATIONS = YES;
				CLANG_WARN_DIRECT_OBJC_ISA_USAGE = YES_ERROR;
				CLANG_WARN_DOCUMENTATION_COMMENTS = YES;
				CLANG_WARN_EMPTY_BODY = YES;
				CLANG_WARN_ENUM_CONVERSION = YES;
				CLANG_WARN_INFINITE_RECURSION = YES;
				CLANG_WARN_INT_CONVERSION = YES;
				CLANG_WARN_NON_LITERAL_NULL_CONVERSION = YES;
				CLANG_WARN_OBJC_IMPLICIT_RETAIN_SELF = YES;
				CLANG_WARN_OBJC_LITERAL_CONVERSION = YES;
				CLANG_WARN_OBJC_ROOT_CLASS = YES_ERROR;
				CLANG_WARN_QUOTED_INCLUDE_IN_FRAMEWORK_HEADER = YES;
				CLANG_WARN_RANGE_LOOP_ANALYSIS = YES;
				CLANG_WARN_STRICT_PROTOTYPES = YES;
				CLANG_WARN_SUSPICIOUS_MOVE = YES;
				CLANG_WARN_UNGUARDED_AVAILABILITY = YES_AGGRESSIVE;
				CLANG_WARN_UNREACHABLE_CODE = YES;
				CLANG_WARN__DUPLICATE_METHOD_MATCH = YES;
				COPY_PHASE_STRIP = NO;
				DEBUG_INFORMATION_FORMAT = "dwarf-with-dsym";
				ENABLE_NS_ASSERTIONS = NO;
				ENABLE_STRICT_OBJC_MSGSEND = YES;
				GCC_C_LANGUAGE_STANDARD = gnu11;
				GCC_NO_COMMON_BLOCKS = YES;
				GCC_WARN_64_TO_32_BIT_CONVERSION = YES;
				GCC_WARN_ABOUT_RETURN_TYPE = YES_ERROR;
				GCC_WARN_UNDECLARED_SELECTOR = YES;
				GCC_WARN_UNINITIALIZED_AUTOS = YES_AGGRESSIVE;
				GCC_WARN_UNUSED_FUNCTION = YES;
				GCC_WARN_UNUSED_VARIABLE = YES;
				IPHONEOS_DEPLOYMENT_TARGET = 16.0;
				MTL_ENABLE_DEBUG_INFO = NO;
				MTL_FAST_MATH = YES;
				SDKROOT = iphoneos;
				SWIFT_COMPILATION_MODE = wholemodule;
				SWIFT_OPTIMIZATION_LEVEL = "-O";
				VALIDATE_PRODUCT = YES;
			};
			name = Release;
		};
		7053520628F0C52D00AE149C /* Debug */ = {
			isa = XCBuildConfiguration;
			buildSettings = {
				ASSETCATALOG_COMPILER_APPICON_NAME = AppIcon;
				ASSETCATALOG_COMPILER_GLOBAL_ACCENT_COLOR_NAME = AccentColor;
				CODE_SIGN_STYLE = Automatic;
				CURRENT_PROJECT_VERSION = 1;
				DEVELOPMENT_ASSET_PATHS = "\"KarincaD-XkcdComics-App/Preview Content\"";
				DEVELOPMENT_TEAM = E69DDQFFQH;
				ENABLE_PREVIEWS = YES;
				GENERATE_INFOPLIST_FILE = YES;
				INFOPLIST_FILE = "KarincaD-XkcdComics-App/Info.plist";
				INFOPLIST_KEY_LSApplicationCategoryType = "public.app-category.entertainment";
				INFOPLIST_KEY_UIApplicationSceneManifest_Generation = YES;
				INFOPLIST_KEY_UIApplicationSupportsIndirectInputEvents = YES;
				INFOPLIST_KEY_UILaunchScreen_Generation = YES;
				INFOPLIST_KEY_UILaunchStoryboardName = "";
				INFOPLIST_KEY_UISupportedInterfaceOrientations_iPad = "UIInterfaceOrientationPortrait UIInterfaceOrientationPortraitUpsideDown UIInterfaceOrientationLandscapeLeft UIInterfaceOrientationLandscapeRight";
				INFOPLIST_KEY_UISupportedInterfaceOrientations_iPhone = "UIInterfaceOrientationPortrait UIInterfaceOrientationLandscapeLeft UIInterfaceOrientationLandscapeRight";
				LD_RUNPATH_SEARCH_PATHS = (
					"$(inherited)",
					"@executable_path/Frameworks",
				);
				MARKETING_VERSION = 1.0;
				PRODUCT_BUNDLE_IDENTIFIER = "co.karinca.KarincaD-XkcdComics-App";
				PRODUCT_NAME = "$(TARGET_NAME)";
				SWIFT_EMIT_LOC_STRINGS = YES;
				SWIFT_VERSION = 5.0;
				TARGETED_DEVICE_FAMILY = "1,2";
			};
			name = Debug;
		};
		7053520728F0C52D00AE149C /* Release */ = {
			isa = XCBuildConfiguration;
			buildSettings = {
				ASSETCATALOG_COMPILER_APPICON_NAME = AppIcon;
				ASSETCATALOG_COMPILER_GLOBAL_ACCENT_COLOR_NAME = AccentColor;
				CODE_SIGN_STYLE = Automatic;
				CURRENT_PROJECT_VERSION = 1;
				DEVELOPMENT_ASSET_PATHS = "\"KarincaD-XkcdComics-App/Preview Content\"";
				DEVELOPMENT_TEAM = E69DDQFFQH;
				ENABLE_PREVIEWS = YES;
				GENERATE_INFOPLIST_FILE = YES;
				INFOPLIST_FILE = "KarincaD-XkcdComics-App/Info.plist";
				INFOPLIST_KEY_LSApplicationCategoryType = "public.app-category.entertainment";
				INFOPLIST_KEY_UIApplicationSceneManifest_Generation = YES;
				INFOPLIST_KEY_UIApplicationSupportsIndirectInputEvents = YES;
				INFOPLIST_KEY_UILaunchScreen_Generation = YES;
				INFOPLIST_KEY_UILaunchStoryboardName = "";
				INFOPLIST_KEY_UISupportedInterfaceOrientations_iPad = "UIInterfaceOrientationPortrait UIInterfaceOrientationPortraitUpsideDown UIInterfaceOrientationLandscapeLeft UIInterfaceOrientationLandscapeRight";
				INFOPLIST_KEY_UISupportedInterfaceOrientations_iPhone = "UIInterfaceOrientationPortrait UIInterfaceOrientationLandscapeLeft UIInterfaceOrientationLandscapeRight";
				LD_RUNPATH_SEARCH_PATHS = (
					"$(inherited)",
					"@executable_path/Frameworks",
				);
				MARKETING_VERSION = 1.0;
				PRODUCT_BUNDLE_IDENTIFIER = "co.karinca.KarincaD-XkcdComics-App";
				PRODUCT_NAME = "$(TARGET_NAME)";
				SWIFT_EMIT_LOC_STRINGS = YES;
				SWIFT_VERSION = 5.0;
				TARGETED_DEVICE_FAMILY = "1,2";
			};
			name = Release;
		};
/* End XCBuildConfiguration section */

/* Begin XCConfigurationList section */
		705351F228F0C52C00AE149C /* Build configuration list for PBXProject "KarincaD-XkcdComics-App" */ = {
			isa = XCConfigurationList;
			buildConfigurations = (
				7053520328F0C52D00AE149C /* Debug */,
				7053520428F0C52D00AE149C /* Release */,
			);
			defaultConfigurationIsVisible = 0;
			defaultConfigurationName = Release;
		};
		7053520528F0C52D00AE149C /* Build configuration list for PBXNativeTarget "KarincaD-XkcdComics-App" */ = {
			isa = XCConfigurationList;
			buildConfigurations = (
				7053520628F0C52D00AE149C /* Debug */,
				7053520728F0C52D00AE149C /* Release */,
			);
			defaultConfigurationIsVisible = 0;
			defaultConfigurationName = Release;
		};
/* End XCConfigurationList section */
	};
	rootObject = 705351EF28F0C52C00AE149C /* Project object */;
}
